
Microsoft Visual Studio Solution File, Format Version 12.00
# Visual Studio Version 17
VisualStudioVersion = 17.14.36518.9 d17.14
MinimumVisualStudioVersion = 10.0.40219.1
Project("{FAE04EC0-301F-11D3-BF4B-00C04F79EFBC}") = "14 - Private Constructor vs Static Class", "14 - Private Constructor vs Static Class.csproj", "{C35A45F3-FE79-439F-94F6-E09BF1F12A79}"
EndProject
Global
	GlobalSection(SolutionConfigurationPlatforms) = preSolution
		Debug|Any CPU = Debug|Any CPU
		Release|Any CPU = Release|Any CPU
	EndGlobalSection
	GlobalSection(ProjectConfigurationPlatforms) = postSolution
		{C35A45F3-FE79-439F-94F6-E09BF1F12A79}.Debug|Any CPU.ActiveCfg = Debug|Any CPU
		{C35A45F3-FE79-439F-94F6-E09BF1F12A79}.Debug|Any CPU.Build.0 = Debug|Any CPU
		{C35A45F3-FE79-439F-94F6-E09BF1F12A79}.Release|Any CPU.ActiveCfg = Release|Any CPU
		{C35A45F3-FE79-439F-94F6-E09BF1F12A79}.Release|Any CPU.Build.0 = Release|Any CPU
	EndGlobalSection
	GlobalSection(SolutionProperties) = preSolution
		HideSolutionNode = FALSE
	EndGlobalSection
	GlobalSection(ExtensibilityGlobals) = postSolution
		SolutionGuid = {1C43C6DA-E340-47BF-8F36-555A6D47390C}
	EndGlobalSection
EndGlobal
