
Microsoft Visual Studio Solution File, Format Version 12.00
# Visual Studio Version 17
VisualStudioVersion = 17.14.36518.9 d17.14
MinimumVisualStudioVersion = 10.0.40219.1
Project("{FAE04EC0-301F-11D3-BF4B-00C04F79EFBC}") = "11 - Parameter-less Constructor", "11 - Parameter-less Constructor.csproj", "{F178741C-B2EB-4063-99C4-A0A5EBB97678}"
EndProject
Global
	GlobalSection(SolutionConfigurationPlatforms) = preSolution
		Debug|Any CPU = Debug|Any CPU
		Release|Any CPU = Release|Any CPU
	EndGlobalSection
	GlobalSection(ProjectConfigurationPlatforms) = postSolution
		{F178741C-B2EB-4063-99C4-A0A5EBB97678}.Debug|Any CPU.ActiveCfg = Debug|Any CPU
		{F178741C-B2EB-4063-99C4-A0A5EBB97678}.Debug|Any CPU.Build.0 = Debug|Any CPU
		{F178741C-B2EB-4063-99C4-A0A5EBB97678}.Release|Any CPU.ActiveCfg = Release|Any CPU
		{F178741C-B2EB-4063-99C4-A0A5EBB97678}.Release|Any CPU.Build.0 = Release|Any CPU
	EndGlobalSection
	GlobalSection(SolutionProperties) = preSolution
		HideSolutionNode = FALSE
	EndGlobalSection
	GlobalSection(ExtensibilityGlobals) = postSolution
		SolutionGuid = {8B53F8A2-DB71-40E4-B4D8-261DDBECD7D0}
	EndGlobalSection
EndGlobal
