
Microsoft Visual Studio Solution File, Format Version 12.00
# Visual Studio Version 17
VisualStudioVersion = 17.14.36518.9 d17.14
MinimumVisualStudioVersion = 10.0.40219.1
Project("{FAE04EC0-301F-11D3-BF4B-00C04F79EFBC}") = "32 - Composition", "32 - Composition.csproj", "{F84084A2-9975-46C1-B294-73B201B7214C}"
EndProject
Global
	GlobalSection(SolutionConfigurationPlatforms) = preSolution
		Debug|Any CPU = Debug|Any CPU
		Release|Any CPU = Release|Any CPU
	EndGlobalSection
	GlobalSection(ProjectConfigurationPlatforms) = postSolution
		{F84084A2-9975-46C1-B294-73B201B7214C}.Debug|Any CPU.ActiveCfg = Debug|Any CPU
		{F84084A2-9975-46C1-B294-73B201B7214C}.Debug|Any CPU.Build.0 = Debug|Any CPU
		{F84084A2-9975-46C1-B294-73B201B7214C}.Release|Any CPU.ActiveCfg = Release|Any CPU
		{F84084A2-9975-46C1-B294-73B201B7214C}.Release|Any CPU.Build.0 = Release|Any CPU
	EndGlobalSection
	GlobalSection(SolutionProperties) = preSolution
		HideSolutionNode = FALSE
	EndGlobalSection
	GlobalSection(ExtensibilityGlobals) = postSolution
		SolutionGuid = {7B4195A1-71C8-4A68-AF65-7F33F2275A38}
	EndGlobalSection
EndGlobal
