
Microsoft Visual Studio Solution File, Format Version 12.00
# Visual Studio Version 17
VisualStudioVersion = 17.14.36518.9 d17.14
MinimumVisualStudioVersion = 10.0.40219.1
Project("{FAE04EC0-301F-11D3-BF4B-00C04F79EFBC}") = "29 - Convert One-to-One TO Relational Schema", "29 - Convert One-to-One TO Relational Schema.csproj", "{D774454A-0057-4F51-9750-3D678CC3B2D4}"
EndProject
Global
	GlobalSection(SolutionConfigurationPlatforms) = preSolution
		Debug|Any CPU = Debug|Any CPU
		Release|Any CPU = Release|Any CPU
	EndGlobalSection
	GlobalSection(ProjectConfigurationPlatforms) = postSolution
		{D774454A-0057-4F51-9750-3D678CC3B2D4}.Debug|Any CPU.ActiveCfg = Debug|Any CPU
		{D774454A-0057-4F51-9750-3D678CC3B2D4}.Debug|Any CPU.Build.0 = Debug|Any CPU
		{D774454A-0057-4F51-9750-3D678CC3B2D4}.Release|Any CPU.ActiveCfg = Release|Any CPU
		{D774454A-0057-4F51-9750-3D678CC3B2D4}.Release|Any CPU.Build.0 = Release|Any CPU
	EndGlobalSection
	GlobalSection(SolutionProperties) = preSolution
		HideSolutionNode = FALSE
	EndGlobalSection
	GlobalSection(ExtensibilityGlobals) = postSolution
		SolutionGuid = {2AB008E8-E82E-4C68-8B00-4EDFAD3FD568}
	EndGlobalSection
EndGlobal
