
Microsoft Visual Studio Solution File, Format Version 12.00
# Visual Studio Version 17
VisualStudioVersion = 17.14.36518.9 d17.14
MinimumVisualStudioVersion = 10.0.40219.1
Project("{FAE04EC0-301F-11D3-BF4B-00C04F79EFBC}") = "9 - Calculator", "9 - Calculator.csproj", "{7C342E44-C194-4554-9859-EC105C1B5E5A}"
EndProject
Global
	GlobalSection(SolutionConfigurationPlatforms) = preSolution
		Debug|Any CPU = Debug|Any CPU
		Release|Any CPU = Release|Any CPU
	EndGlobalSection
	GlobalSection(ProjectConfigurationPlatforms) = postSolution
		{7C342E44-C194-4554-9859-EC105C1B5E5A}.Debug|Any CPU.ActiveCfg = Debug|Any CPU
		{7C342E44-C194-4554-9859-EC105C1B5E5A}.Debug|Any CPU.Build.0 = Debug|Any CPU
		{7C342E44-C194-4554-9859-EC105C1B5E5A}.Release|Any CPU.ActiveCfg = Release|Any CPU
		{7C342E44-C194-4554-9859-EC105C1B5E5A}.Release|Any CPU.Build.0 = Release|Any CPU
	EndGlobalSection
	GlobalSection(SolutionProperties) = preSolution
		HideSolutionNode = FALSE
	EndGlobalSection
	GlobalSection(ExtensibilityGlobals) = postSolution
		SolutionGuid = {B63B5172-FD49-4657-8B6A-D70C95973465}
	EndGlobalSection
EndGlobal
