
Microsoft Visual Studio Solution File, Format Version 12.00
# Visual Studio Version 17
VisualStudioVersion = 17.14.36518.9 d17.14
MinimumVisualStudioVersion = 10.0.40219.1
Project("{FAE04EC0-301F-11D3-BF4B-00C04F79EFBC}") = "30 - Implementing Multiple Interfaces", "30 - Implementing Multiple Interfaces.csproj", "{F9691219-B6DA-409A-9897-E057449A8D16}"
EndProject
Global
	GlobalSection(SolutionConfigurationPlatforms) = preSolution
		Debug|Any CPU = Debug|Any CPU
		Release|Any CPU = Release|Any CPU
	EndGlobalSection
	GlobalSection(ProjectConfigurationPlatforms) = postSolution
		{F9691219-B6DA-409A-9897-E057449A8D16}.Debug|Any CPU.ActiveCfg = Debug|Any CPU
		{F9691219-B6DA-409A-9897-E057449A8D16}.Debug|Any CPU.Build.0 = Debug|Any CPU
		{F9691219-B6DA-409A-9897-E057449A8D16}.Release|Any CPU.ActiveCfg = Release|Any CPU
		{F9691219-B6DA-409A-9897-E057449A8D16}.Release|Any CPU.Build.0 = Release|Any CPU
	EndGlobalSection
	GlobalSection(SolutionProperties) = preSolution
		HideSolutionNode = FALSE
	EndGlobalSection
	GlobalSection(ExtensibilityGlobals) = postSolution
		SolutionGuid = {E0EEC3D8-E63A-4947-8F49-AD24F0AEECD2}
	EndGlobalSection
EndGlobal
