
Microsoft Visual Studio Solution File, Format Version 12.00
# Visual Studio Version 17
VisualStudioVersion = 17.14.36518.9 d17.14
MinimumVisualStudioVersion = 10.0.40219.1
Project("{FAE04EC0-301F-11D3-BF4B-00C04F79EFBC}") = "31 - Set Date and Time", "31 - Set Date and Time.csproj", "{FAA7BFF4-153C-47B8-A7B1-2FC525BC710B}"
EndProject
Global
	GlobalSection(SolutionConfigurationPlatforms) = preSolution
		Debug|Any CPU = Debug|Any CPU
		Release|Any CPU = Release|Any CPU
	EndGlobalSection
	GlobalSection(ProjectConfigurationPlatforms) = postSolution
		{FAA7BFF4-153C-47B8-A7B1-2FC525BC710B}.Debug|Any CPU.ActiveCfg = Debug|Any CPU
		{FAA7BFF4-153C-47B8-A7B1-2FC525BC710B}.Debug|Any CPU.Build.0 = Debug|Any CPU
		{FAA7BFF4-153C-47B8-A7B1-2FC525BC710B}.Release|Any CPU.ActiveCfg = Release|Any CPU
		{FAA7BFF4-153C-47B8-A7B1-2FC525BC710B}.Release|Any CPU.Build.0 = Release|Any CPU
	EndGlobalSection
	GlobalSection(SolutionProperties) = preSolution
		HideSolutionNode = FALSE
	EndGlobalSection
	GlobalSection(ExtensibilityGlobals) = postSolution
		SolutionGuid = {5496AF3A-4B3D-4727-BC3A-256735AA3DC5}
	EndGlobalSection
EndGlobal
