
Microsoft Visual Studio Solution File, Format Version 12.00
# Visual Studio Version 17
VisualStudioVersion = 17.14.36408.4 d17.14
MinimumVisualStudioVersion = 10.0.40219.1
Project("{8BC9CEB8-8B4A-11D0-8D11-00A0C91BC942}") = "Project 3 - Bank Extension 08 - Lesson 35- Show Transfers Log Screen", "Project 3 - Bank Extension 08 - Lesson 35- Show Transfers Log Screen.vcxproj", "{8AD20B98-A322-4058-ABAB-1F8264A4972B}"
EndProject
Global
	GlobalSection(SolutionConfigurationPlatforms) = preSolution
		Debug|x64 = Debug|x64
		Debug|x86 = Debug|x86
		Release|x64 = Release|x64
		Release|x86 = Release|x86
	EndGlobalSection
	GlobalSection(ProjectConfigurationPlatforms) = postSolution
		{8AD20B98-A322-4058-ABAB-1F8264A4972B}.Debug|x64.ActiveCfg = Debug|x64
		{8AD20B98-A322-4058-ABAB-1F8264A4972B}.Debug|x64.Build.0 = Debug|x64
		{8AD20B98-A322-4058-ABAB-1F8264A4972B}.Debug|x86.ActiveCfg = Debug|Win32
		{8AD20B98-A322-4058-ABAB-1F8264A4972B}.Debug|x86.Build.0 = Debug|Win32
		{8AD20B98-A322-4058-ABAB-1F8264A4972B}.Release|x64.ActiveCfg = Release|x64
		{8AD20B98-A322-4058-ABAB-1F8264A4972B}.Release|x64.Build.0 = Release|x64
		{8AD20B98-A322-4058-ABAB-1F8264A4972B}.Release|x86.ActiveCfg = Release|Win32
		{8AD20B98-A322-4058-ABAB-1F8264A4972B}.Release|x86.Build.0 = Release|Win32
	EndGlobalSection
	GlobalSection(SolutionProperties) = preSolution
		HideSolutionNode = FALSE
	EndGlobalSection
	GlobalSection(ExtensibilityGlobals) = postSolution
		SolutionGuid = {BCED817C-C0C9-486C-A915-0F1A72297090}
	EndGlobalSection
EndGlobal
