
Microsoft Visual Studio Solution File, Format Version 12.00
# Visual Studio Version 17
VisualStudioVersion = 17.14.36518.9 d17.14
MinimumVisualStudioVersion = 10.0.40219.1
Project("{FAE04EC0-301F-11D3-BF4B-00C04F79EFBC}") = "27 - Hierarchal Inheritance", "27 - Hierarchal Inheritance.csproj", "{884AFB4D-77F3-46E1-8112-C98994CCADB7}"
EndProject
Global
	GlobalSection(SolutionConfigurationPlatforms) = preSolution
		Debug|Any CPU = Debug|Any CPU
		Release|Any CPU = Release|Any CPU
	EndGlobalSection
	GlobalSection(ProjectConfigurationPlatforms) = postSolution
		{884AFB4D-77F3-46E1-8112-C98994CCADB7}.Debug|Any CPU.ActiveCfg = Debug|Any CPU
		{884AFB4D-77F3-46E1-8112-C98994CCADB7}.Debug|Any CPU.Build.0 = Debug|Any CPU
		{884AFB4D-77F3-46E1-8112-C98994CCADB7}.Release|Any CPU.ActiveCfg = Release|Any CPU
		{884AFB4D-77F3-46E1-8112-C98994CCADB7}.Release|Any CPU.Build.0 = Release|Any CPU
	EndGlobalSection
	GlobalSection(SolutionProperties) = preSolution
		HideSolutionNode = FALSE
	EndGlobalSection
	GlobalSection(ExtensibilityGlobals) = postSolution
		SolutionGuid = {7FF7E62C-A557-4675-AFA6-AAE4A6B1C247}
	EndGlobalSection
EndGlobal
