
Microsoft Visual Studio Solution File, Format Version 12.00
# Visual Studio Version 17
VisualStudioVersion = 17.14.36518.9 d17.14
MinimumVisualStudioVersion = 10.0.40219.1
Project("{FAE04EC0-301F-11D3-BF4B-00C04F79EFBC}") = "25 - Specialization", "25 - Specialization.csproj", "{B42D8CC3-2881-4C7E-92A2-DD1DC8D50E1E}"
EndProject
Global
	GlobalSection(SolutionConfigurationPlatforms) = preSolution
		Debug|Any CPU = Debug|Any CPU
		Release|Any CPU = Release|Any CPU
	EndGlobalSection
	GlobalSection(ProjectConfigurationPlatforms) = postSolution
		{B42D8CC3-2881-4C7E-92A2-DD1DC8D50E1E}.Debug|Any CPU.ActiveCfg = Debug|Any CPU
		{B42D8CC3-2881-4C7E-92A2-DD1DC8D50E1E}.Debug|Any CPU.Build.0 = Debug|Any CPU
		{B42D8CC3-2881-4C7E-92A2-DD1DC8D50E1E}.Release|Any CPU.ActiveCfg = Release|Any CPU
		{B42D8CC3-2881-4C7E-92A2-DD1DC8D50E1E}.Release|Any CPU.Build.0 = Release|Any CPU
	EndGlobalSection
	GlobalSection(SolutionProperties) = preSolution
		HideSolutionNode = FALSE
	EndGlobalSection
	GlobalSection(ExtensibilityGlobals) = postSolution
		SolutionGuid = {86E036A4-4569-4925-82A4-980D1AF38477}
	EndGlobalSection
EndGlobal
