
Microsoft Visual Studio Solution File, Format Version 12.00
# Visual Studio Version 17
VisualStudioVersion = 17.14.36121.58 d17.14
MinimumVisualStudioVersion = 10.0.40219.1
Project("{8BC9CEB8-8B4A-11D0-8D11-00A0C91BC942}") = "#16", "#16.vcxproj", "{F444DD8A-D642-49D6-B5E0-549B1440BCA0}"
EndProject
Global
	GlobalSection(SolutionConfigurationPlatforms) = preSolution
		Debug|x64 = Debug|x64
		Debug|x86 = Debug|x86
		Release|x64 = Release|x64
		Release|x86 = Release|x86
	EndGlobalSection
	GlobalSection(ProjectConfigurationPlatforms) = postSolution
		{F444DD8A-D642-49D6-B5E0-549B1440BCA0}.Debug|x64.ActiveCfg = Debug|x64
		{F444DD8A-D642-49D6-B5E0-549B1440BCA0}.Debug|x64.Build.0 = Debug|x64
		{F444DD8A-D642-49D6-B5E0-549B1440BCA0}.Debug|x86.ActiveCfg = Debug|Win32
		{F444DD8A-D642-49D6-B5E0-549B1440BCA0}.Debug|x86.Build.0 = Debug|Win32
		{F444DD8A-D642-49D6-B5E0-549B1440BCA0}.Release|x64.ActiveCfg = Release|x64
		{F444DD8A-D642-49D6-B5E0-549B1440BCA0}.Release|x64.Build.0 = Release|x64
		{F444DD8A-D642-49D6-B5E0-549B1440BCA0}.Release|x86.ActiveCfg = Release|Win32
		{F444DD8A-D642-49D6-B5E0-549B1440BCA0}.Release|x86.Build.0 = Release|Win32
	EndGlobalSection
	GlobalSection(SolutionProperties) = preSolution
		HideSolutionNode = FALSE
	EndGlobalSection
	GlobalSection(ExtensibilityGlobals) = postSolution
		SolutionGuid = {3DE55E04-A725-40A4-B823-E36AC9218464}
	EndGlobalSection
EndGlobal
