
Microsoft Visual Studio Solution File, Format Version 12.00
# Visual Studio Version 17
VisualStudioVersion = 17.14.36518.9 d17.14
MinimumVisualStudioVersion = 10.0.40219.1
Project("{FAE04EC0-301F-11D3-BF4B-00C04F79EFBC}") = "23 - Aggregation and Associative Entities", "23 - Aggregation and Associative Entities.csproj", "{EF1A6E96-88C5-4B49-AEC2-58B55EB864C6}"
EndProject
Global
	GlobalSection(SolutionConfigurationPlatforms) = preSolution
		Debug|Any CPU = Debug|Any CPU
		Release|Any CPU = Release|Any CPU
	EndGlobalSection
	GlobalSection(ProjectConfigurationPlatforms) = postSolution
		{EF1A6E96-88C5-4B49-AEC2-58B55EB864C6}.Debug|Any CPU.ActiveCfg = Debug|Any CPU
		{EF1A6E96-88C5-4B49-AEC2-58B55EB864C6}.Debug|Any CPU.Build.0 = Debug|Any CPU
		{EF1A6E96-88C5-4B49-AEC2-58B55EB864C6}.Release|Any CPU.ActiveCfg = Release|Any CPU
		{EF1A6E96-88C5-4B49-AEC2-58B55EB864C6}.Release|Any CPU.Build.0 = Release|Any CPU
	EndGlobalSection
	GlobalSection(SolutionProperties) = preSolution
		HideSolutionNode = FALSE
	EndGlobalSection
	GlobalSection(ExtensibilityGlobals) = postSolution
		SolutionGuid = {B9B2025C-9031-422B-BFB3-1EDD32BB78B9}
	EndGlobalSection
EndGlobal
