
Microsoft Visual Studio Solution File, Format Version 12.00
# Visual Studio Version 17
VisualStudioVersion = 17.14.36518.9 d17.14
MinimumVisualStudioVersion = 10.0.40219.1
Project("{FAE04EC0-301F-11D3-BF4B-00C04F79EFBC}") = "8- Connect to SQL Server Database - Delete Data", "8- Connect to SQL Server Database - Delete Data.csproj", "{FAA1ACE4-AC89-4AD0-A702-672945657AA8}"
EndProject
Global
	GlobalSection(SolutionConfigurationPlatforms) = preSolution
		Debug|Any CPU = Debug|Any CPU
		Release|Any CPU = Release|Any CPU
	EndGlobalSection
	GlobalSection(ProjectConfigurationPlatforms) = postSolution
		{FAA1ACE4-AC89-4AD0-A702-672945657AA8}.Debug|Any CPU.ActiveCfg = Debug|Any CPU
		{FAA1ACE4-AC89-4AD0-A702-672945657AA8}.Debug|Any CPU.Build.0 = Debug|Any CPU
		{FAA1ACE4-AC89-4AD0-A702-672945657AA8}.Release|Any CPU.ActiveCfg = Release|Any CPU
		{FAA1ACE4-AC89-4AD0-A702-672945657AA8}.Release|Any CPU.Build.0 = Release|Any CPU
	EndGlobalSection
	GlobalSection(SolutionProperties) = preSolution
		HideSolutionNode = FALSE
	EndGlobalSection
	GlobalSection(ExtensibilityGlobals) = postSolution
		SolutionGuid = {11BD25C1-FAEC-4A2B-8695-5746437EC84D}
	EndGlobalSection
EndGlobal
