
Microsoft Visual Studio Solution File, Format Version 12.00
# Visual Studio Version 17
VisualStudioVersion = 17.14.36221.1 d17.14
MinimumVisualStudioVersion = 10.0.40219.1
Project("{8BC9CEB8-8B4A-11D0-8D11-00A0C91BC942}") = "#27 - Invert character case", "#27 - Invert character case.vcxproj", "{71754158-328C-4414-83BE-E6A6FFD64A45}"
EndProject
Global
	GlobalSection(SolutionConfigurationPlatforms) = preSolution
		Debug|x64 = Debug|x64
		Debug|x86 = Debug|x86
		Release|x64 = Release|x64
		Release|x86 = Release|x86
	EndGlobalSection
	GlobalSection(ProjectConfigurationPlatforms) = postSolution
		{71754158-328C-4414-83BE-E6A6FFD64A45}.Debug|x64.ActiveCfg = Debug|x64
		{71754158-328C-4414-83BE-E6A6FFD64A45}.Debug|x64.Build.0 = Debug|x64
		{71754158-328C-4414-83BE-E6A6FFD64A45}.Debug|x86.ActiveCfg = Debug|Win32
		{71754158-328C-4414-83BE-E6A6FFD64A45}.Debug|x86.Build.0 = Debug|Win32
		{71754158-328C-4414-83BE-E6A6FFD64A45}.Release|x64.ActiveCfg = Release|x64
		{71754158-328C-4414-83BE-E6A6FFD64A45}.Release|x64.Build.0 = Release|x64
		{71754158-328C-4414-83BE-E6A6FFD64A45}.Release|x86.ActiveCfg = Release|Win32
		{71754158-328C-4414-83BE-E6A6FFD64A45}.Release|x86.Build.0 = Release|Win32
	EndGlobalSection
	GlobalSection(SolutionProperties) = preSolution
		HideSolutionNode = FALSE
	EndGlobalSection
	GlobalSection(ExtensibilityGlobals) = postSolution
		SolutionGuid = {C66EC2F1-5006-4454-9D11-FF9CBAE5D4C9}
	EndGlobalSection
EndGlobal
