
Microsoft Visual Studio Solution File, Format Version 12.00
# Visual Studio Version 17
VisualStudioVersion = 17.14.36518.9 d17.14
MinimumVisualStudioVersion = 10.0.40219.1
Project("{FAE04EC0-301F-11D3-BF4B-00C04F79EFBC}") = "10 - Constructors", "10 - Constructors.csproj", "{FCBC6516-F557-4E13-AA99-EE9B8B686B7F}"
EndProject
Global
	GlobalSection(SolutionConfigurationPlatforms) = preSolution
		Debug|Any CPU = Debug|Any CPU
		Release|Any CPU = Release|Any CPU
	EndGlobalSection
	GlobalSection(ProjectConfigurationPlatforms) = postSolution
		{FCBC6516-F557-4E13-AA99-EE9B8B686B7F}.Debug|Any CPU.ActiveCfg = Debug|Any CPU
		{FCBC6516-F557-4E13-AA99-EE9B8B686B7F}.Debug|Any CPU.Build.0 = Debug|Any CPU
		{FCBC6516-F557-4E13-AA99-EE9B8B686B7F}.Release|Any CPU.ActiveCfg = Release|Any CPU
		{FCBC6516-F557-4E13-AA99-EE9B8B686B7F}.Release|Any CPU.Build.0 = Release|Any CPU
	EndGlobalSection
	GlobalSection(SolutionProperties) = preSolution
		HideSolutionNode = FALSE
	EndGlobalSection
	GlobalSection(ExtensibilityGlobals) = postSolution
		SolutionGuid = {94663A44-42AD-494C-A3A1-1507AD510062}
	EndGlobalSection
EndGlobal
