
Microsoft Visual Studio Solution File, Format Version 12.00
# Visual Studio Version 17
VisualStudioVersion = 17.14.36518.9 d17.14
MinimumVisualStudioVersion = 10.0.40219.1
Project("{FAE04EC0-301F-11D3-BF4B-00C04F79EFBC}") = "17 - Destructor", "17 - Destructor.csproj", "{67C4968C-76EB-44DA-9E7D-2E01DA7B1E41}"
EndProject
Global
	GlobalSection(SolutionConfigurationPlatforms) = preSolution
		Debug|Any CPU = Debug|Any CPU
		Release|Any CPU = Release|Any CPU
	EndGlobalSection
	GlobalSection(ProjectConfigurationPlatforms) = postSolution
		{67C4968C-76EB-44DA-9E7D-2E01DA7B1E41}.Debug|Any CPU.ActiveCfg = Debug|Any CPU
		{67C4968C-76EB-44DA-9E7D-2E01DA7B1E41}.Debug|Any CPU.Build.0 = Debug|Any CPU
		{67C4968C-76EB-44DA-9E7D-2E01DA7B1E41}.Release|Any CPU.ActiveCfg = Release|Any CPU
		{67C4968C-76EB-44DA-9E7D-2E01DA7B1E41}.Release|Any CPU.Build.0 = Release|Any CPU
	EndGlobalSection
	GlobalSection(SolutionProperties) = preSolution
		HideSolutionNode = FALSE
	EndGlobalSection
	GlobalSection(ExtensibilityGlobals) = postSolution
		SolutionGuid = {884FF2A9-2C2D-4BB8-A692-5EDDAE4EADB7}
	EndGlobalSection
EndGlobal
