
Microsoft Visual Studio Solution File, Format Version 12.00
# Visual Studio Version 17
VisualStudioVersion = 17.14.36518.9 d17.14
MinimumVisualStudioVersion = 10.0.40219.1
Project("{FAE04EC0-301F-11D3-BF4B-00C04F79EFBC}") = "24 - Numbers Datatypes", "24 - Numbers Datatypes.csproj", "{B53EF08B-7E34-40E1-8E2E-415B6229B480}"
EndProject
Global
	GlobalSection(SolutionConfigurationPlatforms) = preSolution
		Debug|Any CPU = Debug|Any CPU
		Release|Any CPU = Release|Any CPU
	EndGlobalSection
	GlobalSection(ProjectConfigurationPlatforms) = postSolution
		{B53EF08B-7E34-40E1-8E2E-415B6229B480}.Debug|Any CPU.ActiveCfg = Debug|Any CPU
		{B53EF08B-7E34-40E1-8E2E-415B6229B480}.Debug|Any CPU.Build.0 = Debug|Any CPU
		{B53EF08B-7E34-40E1-8E2E-415B6229B480}.Release|Any CPU.ActiveCfg = Release|Any CPU
		{B53EF08B-7E34-40E1-8E2E-415B6229B480}.Release|Any CPU.Build.0 = Release|Any CPU
	EndGlobalSection
	GlobalSection(SolutionProperties) = preSolution
		HideSolutionNode = FALSE
	EndGlobalSection
	GlobalSection(ExtensibilityGlobals) = postSolution
		SolutionGuid = {5C884A04-BF29-4382-B2EC-FADC8F3066DF}
	EndGlobalSection
EndGlobal
