
Microsoft Visual Studio Solution File, Format Version 12.00
# Visual Studio Version 17
VisualStudioVersion = 17.14.36518.9 d17.14
MinimumVisualStudioVersion = 10.0.40219.1
Project("{FAE04EC0-301F-11D3-BF4B-00C04F79EFBC}") = "1- ADO.NET Code, Get ALL Contacts", "1- ADO.NET Code, Get ALL Contacts.csproj", "{7CD1472B-7BC5-406C-A404-C4689CBBFDAD}"
EndProject
Global
	GlobalSection(SolutionConfigurationPlatforms) = preSolution
		Debug|Any CPU = Debug|Any CPU
		Release|Any CPU = Release|Any CPU
	EndGlobalSection
	GlobalSection(ProjectConfigurationPlatforms) = postSolution
		{7CD1472B-7BC5-406C-A404-C4689CBBFDAD}.Debug|Any CPU.ActiveCfg = Debug|Any CPU
		{7CD1472B-7BC5-406C-A404-C4689CBBFDAD}.Debug|Any CPU.Build.0 = Debug|Any CPU
		{7CD1472B-7BC5-406C-A404-C4689CBBFDAD}.Release|Any CPU.ActiveCfg = Release|Any CPU
		{7CD1472B-7BC5-406C-A404-C4689CBBFDAD}.Release|Any CPU.Build.0 = Release|Any CPU
	EndGlobalSection
	GlobalSection(SolutionProperties) = preSolution
		HideSolutionNode = FALSE
	EndGlobalSection
	GlobalSection(ExtensibilityGlobals) = postSolution
		SolutionGuid = {3EB4D846-F4DD-472A-88EC-D5EF95FB648A}
	EndGlobalSection
EndGlobal
