
Microsoft Visual Studio Solution File, Format Version 12.00
# Visual Studio Version 17
VisualStudioVersion = 17.14.36518.9 d17.14
MinimumVisualStudioVersion = 10.0.40219.1
Project("{FAE04EC0-301F-11D3-BF4B-00C04F79EFBC}") = "20 - Cardinality Symbols and Practices", "20 - Cardinality Symbols and Practices.csproj", "{D423FE76-86E6-4141-8D65-E01D53D349BA}"
EndProject
Global
	GlobalSection(SolutionConfigurationPlatforms) = preSolution
		Debug|Any CPU = Debug|Any CPU
		Release|Any CPU = Release|Any CPU
	EndGlobalSection
	GlobalSection(ProjectConfigurationPlatforms) = postSolution
		{D423FE76-86E6-4141-8D65-E01D53D349BA}.Debug|Any CPU.ActiveCfg = Debug|Any CPU
		{D423FE76-86E6-4141-8D65-E01D53D349BA}.Debug|Any CPU.Build.0 = Debug|Any CPU
		{D423FE76-86E6-4141-8D65-E01D53D349BA}.Release|Any CPU.ActiveCfg = Release|Any CPU
		{D423FE76-86E6-4141-8D65-E01D53D349BA}.Release|Any CPU.Build.0 = Release|Any CPU
	EndGlobalSection
	GlobalSection(SolutionProperties) = preSolution
		HideSolutionNode = FALSE
	EndGlobalSection
	GlobalSection(ExtensibilityGlobals) = postSolution
		SolutionGuid = {F29D1A30-168E-40C7-AA79-A78E3A464CAC}
	EndGlobalSection
EndGlobal
