
Microsoft Visual Studio Solution File, Format Version 12.00
# Visual Studio Version 17
VisualStudioVersion = 17.14.36518.9 d17.14
MinimumVisualStudioVersion = 10.0.40219.1
Project("{FAE04EC0-301F-11D3-BF4B-00C04F79EFBC}") = "1- Insert-Add Data", "1- Insert-Add Data.csproj", "{7EB8604E-03FA-4879-88F8-21C73C6697E6}"
EndProject
Global
	GlobalSection(SolutionConfigurationPlatforms) = preSolution
		Debug|Any CPU = Debug|Any CPU
		Release|Any CPU = Release|Any CPU
	EndGlobalSection
	GlobalSection(ProjectConfigurationPlatforms) = postSolution
		{7EB8604E-03FA-4879-88F8-21C73C6697E6}.Debug|Any CPU.ActiveCfg = Debug|Any CPU
		{7EB8604E-03FA-4879-88F8-21C73C6697E6}.Debug|Any CPU.Build.0 = Debug|Any CPU
		{7EB8604E-03FA-4879-88F8-21C73C6697E6}.Release|Any CPU.ActiveCfg = Release|Any CPU
		{7EB8604E-03FA-4879-88F8-21C73C6697E6}.Release|Any CPU.Build.0 = Release|Any CPU
	EndGlobalSection
	GlobalSection(SolutionProperties) = preSolution
		HideSolutionNode = FALSE
	EndGlobalSection
	GlobalSection(ExtensibilityGlobals) = postSolution
		SolutionGuid = {E299A7D2-DAB3-4A68-BC70-E5766565A37F}
	EndGlobalSection
EndGlobal
