
Microsoft Visual Studio Solution File, Format Version 12.00
# Visual Studio Version 17
VisualStudioVersion = 17.14.36518.9 d17.14
MinimumVisualStudioVersion = 10.0.40219.1
Project("{FAE04EC0-301F-11D3-BF4B-00C04F79EFBC}") = "29 - What is Interface and Why", "29 - What is Interface and Why.csproj", "{61D5ED59-943D-4F43-8933-EDD8A9E9EEE5}"
EndProject
Global
	GlobalSection(SolutionConfigurationPlatforms) = preSolution
		Debug|Any CPU = Debug|Any CPU
		Release|Any CPU = Release|Any CPU
	EndGlobalSection
	GlobalSection(ProjectConfigurationPlatforms) = postSolution
		{61D5ED59-943D-4F43-8933-EDD8A9E9EEE5}.Debug|Any CPU.ActiveCfg = Debug|Any CPU
		{61D5ED59-943D-4F43-8933-EDD8A9E9EEE5}.Debug|Any CPU.Build.0 = Debug|Any CPU
		{61D5ED59-943D-4F43-8933-EDD8A9E9EEE5}.Release|Any CPU.ActiveCfg = Release|Any CPU
		{61D5ED59-943D-4F43-8933-EDD8A9E9EEE5}.Release|Any CPU.Build.0 = Release|Any CPU
	EndGlobalSection
	GlobalSection(SolutionProperties) = preSolution
		HideSolutionNode = FALSE
	EndGlobalSection
	GlobalSection(ExtensibilityGlobals) = postSolution
		SolutionGuid = {D5175B36-90CD-4D05-9071-1B4B7516019F}
	EndGlobalSection
EndGlobal
