
Microsoft Visual Studio Solution File, Format Version 12.00
# Visual Studio Version 17
VisualStudioVersion = 17.14.36518.9 d17.14
MinimumVisualStudioVersion = 10.0.40219.1
Project("{FAE04EC0-301F-11D3-BF4B-00C04F79EFBC}") = "64 - MonthCalandar", "64 - MonthCalandar.csproj", "{90E47BF0-8114-4BB3-A91B-9D046FF0D46B}"
EndProject
Global
	GlobalSection(SolutionConfigurationPlatforms) = preSolution
		Debug|Any CPU = Debug|Any CPU
		Release|Any CPU = Release|Any CPU
	EndGlobalSection
	GlobalSection(ProjectConfigurationPlatforms) = postSolution
		{90E47BF0-8114-4BB3-A91B-9D046FF0D46B}.Debug|Any CPU.ActiveCfg = Debug|Any CPU
		{90E47BF0-8114-4BB3-A91B-9D046FF0D46B}.Debug|Any CPU.Build.0 = Debug|Any CPU
		{90E47BF0-8114-4BB3-A91B-9D046FF0D46B}.Release|Any CPU.ActiveCfg = Release|Any CPU
		{90E47BF0-8114-4BB3-A91B-9D046FF0D46B}.Release|Any CPU.Build.0 = Release|Any CPU
	EndGlobalSection
	GlobalSection(SolutionProperties) = preSolution
		HideSolutionNode = FALSE
	EndGlobalSection
	GlobalSection(ExtensibilityGlobals) = postSolution
		SolutionGuid = {CD088480-8FD7-4C55-9763-0C2F477D2549}
	EndGlobalSection
EndGlobal
