
Microsoft Visual Studio Solution File, Format Version 12.00
# Visual Studio Version 17
VisualStudioVersion = 17.14.36121.58 d17.14
MinimumVisualStudioVersion = 10.0.40219.1
Project("{8BC9CEB8-8B4A-11D0-8D11-00A0C91BC942}") = "For Loop & Arrays", "For Loop & Arrays.vcxproj", "{5F658C83-0C40-4579-A976-23C25F65A3CD}"
EndProject
Global
	GlobalSection(SolutionConfigurationPlatforms) = preSolution
		Debug|x64 = Debug|x64
		Debug|x86 = Debug|x86
		Release|x64 = Release|x64
		Release|x86 = Release|x86
	EndGlobalSection
	GlobalSection(ProjectConfigurationPlatforms) = postSolution
		{5F658C83-0C40-4579-A976-23C25F65A3CD}.Debug|x64.ActiveCfg = Debug|x64
		{5F658C83-0C40-4579-A976-23C25F65A3CD}.Debug|x64.Build.0 = Debug|x64
		{5F658C83-0C40-4579-A976-23C25F65A3CD}.Debug|x86.ActiveCfg = Debug|Win32
		{5F658C83-0C40-4579-A976-23C25F65A3CD}.Debug|x86.Build.0 = Debug|Win32
		{5F658C83-0C40-4579-A976-23C25F65A3CD}.Release|x64.ActiveCfg = Release|x64
		{5F658C83-0C40-4579-A976-23C25F65A3CD}.Release|x64.Build.0 = Release|x64
		{5F658C83-0C40-4579-A976-23C25F65A3CD}.Release|x86.ActiveCfg = Release|Win32
		{5F658C83-0C40-4579-A976-23C25F65A3CD}.Release|x86.Build.0 = Release|Win32
	EndGlobalSection
	GlobalSection(SolutionProperties) = preSolution
		HideSolutionNode = FALSE
	EndGlobalSection
	GlobalSection(ExtensibilityGlobals) = postSolution
		SolutionGuid = {9756DA9C-DF22-44EF-9D7E-5308B3A9509A}
	EndGlobalSection
EndGlobal
