
Microsoft Visual Studio Solution File, Format Version 12.00
# Visual Studio Version 17
VisualStudioVersion = 17.14.36518.9 d17.14
MinimumVisualStudioVersion = 10.0.40219.1
Project("{FAE04EC0-301F-11D3-BF4B-00C04F79EFBC}") = "4- Delegate Chains (Multicast)", "4- Delegate Chains (Multicast).csproj", "{BFF11000-E466-4A17-B995-AF8E3EC8E1CD}"
EndProject
Global
	GlobalSection(SolutionConfigurationPlatforms) = preSolution
		Debug|Any CPU = Debug|Any CPU
		Release|Any CPU = Release|Any CPU
	EndGlobalSection
	GlobalSection(ProjectConfigurationPlatforms) = postSolution
		{BFF11000-E466-4A17-B995-AF8E3EC8E1CD}.Debug|Any CPU.ActiveCfg = Debug|Any CPU
		{BFF11000-E466-4A17-B995-AF8E3EC8E1CD}.Debug|Any CPU.Build.0 = Debug|Any CPU
		{BFF11000-E466-4A17-B995-AF8E3EC8E1CD}.Release|Any CPU.ActiveCfg = Release|Any CPU
		{BFF11000-E466-4A17-B995-AF8E3EC8E1CD}.Release|Any CPU.Build.0 = Release|Any CPU
	EndGlobalSection
	GlobalSection(SolutionProperties) = preSolution
		HideSolutionNode = FALSE
	EndGlobalSection
	GlobalSection(ExtensibilityGlobals) = postSolution
		SolutionGuid = {B71F948E-8C07-440D-8285-FD8087CCD9AE}
	EndGlobalSection
EndGlobal
