
Microsoft Visual Studio Solution File, Format Version 12.00
# Visual Studio Version 17
VisualStudioVersion = 17.14.36518.9 d17.14
MinimumVisualStudioVersion = 10.0.40219.1
Project("{FAE04EC0-301F-11D3-BF4B-00C04F79EFBC}") = "26- Filtering Data in Dataview", "26- Filtering Data in Dataview.csproj", "{A7913F62-3C50-40BE-A92D-EB2F9EDE06DD}"
EndProject
Global
	GlobalSection(SolutionConfigurationPlatforms) = preSolution
		Debug|Any CPU = Debug|Any CPU
		Release|Any CPU = Release|Any CPU
	EndGlobalSection
	GlobalSection(ProjectConfigurationPlatforms) = postSolution
		{A7913F62-3C50-40BE-A92D-EB2F9EDE06DD}.Debug|Any CPU.ActiveCfg = Debug|Any CPU
		{A7913F62-3C50-40BE-A92D-EB2F9EDE06DD}.Debug|Any CPU.Build.0 = Debug|Any CPU
		{A7913F62-3C50-40BE-A92D-EB2F9EDE06DD}.Release|Any CPU.ActiveCfg = Release|Any CPU
		{A7913F62-3C50-40BE-A92D-EB2F9EDE06DD}.Release|Any CPU.Build.0 = Release|Any CPU
	EndGlobalSection
	GlobalSection(SolutionProperties) = preSolution
		HideSolutionNode = FALSE
	EndGlobalSection
	GlobalSection(ExtensibilityGlobals) = postSolution
		SolutionGuid = {B5FF4A01-FB36-4C9F-BD13-6DD742AC1540}
	EndGlobalSection
EndGlobal
