
Microsoft Visual Studio Solution File, Format Version 12.00
# Visual Studio Version 17
VisualStudioVersion = 17.14.36518.9 d17.14
MinimumVisualStudioVersion = 10.0.40219.1
Project("{FAE04EC0-301F-11D3-BF4B-00C04F79EFBC}") = "10- What are CRUD Operations", "10- What are CRUD Operations.csproj", "{BC9FB563-A955-4D12-B874-1192D40FF73C}"
EndProject
Global
	GlobalSection(SolutionConfigurationPlatforms) = preSolution
		Debug|Any CPU = Debug|Any CPU
		Release|Any CPU = Release|Any CPU
	EndGlobalSection
	GlobalSection(ProjectConfigurationPlatforms) = postSolution
		{BC9FB563-A955-4D12-B874-1192D40FF73C}.Debug|Any CPU.ActiveCfg = Debug|Any CPU
		{BC9FB563-A955-4D12-B874-1192D40FF73C}.Debug|Any CPU.Build.0 = Debug|Any CPU
		{BC9FB563-A955-4D12-B874-1192D40FF73C}.Release|Any CPU.ActiveCfg = Release|Any CPU
		{BC9FB563-A955-4D12-B874-1192D40FF73C}.Release|Any CPU.Build.0 = Release|Any CPU
	EndGlobalSection
	GlobalSection(SolutionProperties) = preSolution
		HideSolutionNode = FALSE
	EndGlobalSection
	GlobalSection(ExtensibilityGlobals) = postSolution
		SolutionGuid = {3988816A-8432-4B22-8ED8-89E873BD933C}
	EndGlobalSection
EndGlobal
