
Microsoft Visual Studio Solution File, Format Version 12.00
# Visual Studio Version 17
VisualStudioVersion = 17.14.36518.9 d17.14
MinimumVisualStudioVersion = 10.0.40219.1
Project("{FAE04EC0-301F-11D3-BF4B-00C04F79EFBC}") = "22 - Process of Creating ERD Step by Step", "22 - Process of Creating ERD Step by Step.csproj", "{9ADB7C29-7F4F-47DC-823A-BCFCEA392E30}"
EndProject
Global
	GlobalSection(SolutionConfigurationPlatforms) = preSolution
		Debug|Any CPU = Debug|Any CPU
		Release|Any CPU = Release|Any CPU
	EndGlobalSection
	GlobalSection(ProjectConfigurationPlatforms) = postSolution
		{9ADB7C29-7F4F-47DC-823A-BCFCEA392E30}.Debug|Any CPU.ActiveCfg = Debug|Any CPU
		{9ADB7C29-7F4F-47DC-823A-BCFCEA392E30}.Debug|Any CPU.Build.0 = Debug|Any CPU
		{9ADB7C29-7F4F-47DC-823A-BCFCEA392E30}.Release|Any CPU.ActiveCfg = Release|Any CPU
		{9ADB7C29-7F4F-47DC-823A-BCFCEA392E30}.Release|Any CPU.Build.0 = Release|Any CPU
	EndGlobalSection
	GlobalSection(SolutionProperties) = preSolution
		HideSolutionNode = FALSE
	EndGlobalSection
	GlobalSection(ExtensibilityGlobals) = postSolution
		SolutionGuid = {2268E426-FD27-4D41-B0F6-062B77A80A1A}
	EndGlobalSection
EndGlobal
