
Microsoft Visual Studio Solution File, Format Version 12.00
# Visual Studio Version 17
VisualStudioVersion = 17.14.36518.9 d17.14
MinimumVisualStudioVersion = 10.0.40219.1
Project("{FAE04EC0-301F-11D3-BF4B-00C04F79EFBC}") = "6 - What is Data Integrity and Why it's Important and Critical", "6 - What is Data Integrity and Why it's Important and Critical.csproj", "{7D772316-A84F-405D-96C7-D1307F4B13DA}"
EndProject
Global
	GlobalSection(SolutionConfigurationPlatforms) = preSolution
		Debug|Any CPU = Debug|Any CPU
		Release|Any CPU = Release|Any CPU
	EndGlobalSection
	GlobalSection(ProjectConfigurationPlatforms) = postSolution
		{7D772316-A84F-405D-96C7-D1307F4B13DA}.Debug|Any CPU.ActiveCfg = Debug|Any CPU
		{7D772316-A84F-405D-96C7-D1307F4B13DA}.Debug|Any CPU.Build.0 = Debug|Any CPU
		{7D772316-A84F-405D-96C7-D1307F4B13DA}.Release|Any CPU.ActiveCfg = Release|Any CPU
		{7D772316-A84F-405D-96C7-D1307F4B13DA}.Release|Any CPU.Build.0 = Release|Any CPU
	EndGlobalSection
	GlobalSection(SolutionProperties) = preSolution
		HideSolutionNode = FALSE
	EndGlobalSection
	GlobalSection(ExtensibilityGlobals) = postSolution
		SolutionGuid = {B34B8D39-C3E2-43FA-A3C7-DDB438513421}
	EndGlobalSection
EndGlobal
