
Microsoft Visual Studio Solution File, Format Version 12.00
# Visual Studio Version 17
VisualStudioVersion = 17.14.36221.1 d17.14
MinimumVisualStudioVersion = 10.0.40219.1
Project("{8BC9CEB8-8B4A-11D0-8D11-00A0C91BC942}") = "#22 - fibonacci with recursion", "#22 - fibonacci with recursion.vcxproj", "{FCD1827D-D34D-4306-A46D-2060BCA1A7EB}"
EndProject
Global
	GlobalSection(SolutionConfigurationPlatforms) = preSolution
		Debug|x64 = Debug|x64
		Debug|x86 = Debug|x86
		Release|x64 = Release|x64
		Release|x86 = Release|x86
	EndGlobalSection
	GlobalSection(ProjectConfigurationPlatforms) = postSolution
		{FCD1827D-D34D-4306-A46D-2060BCA1A7EB}.Debug|x64.ActiveCfg = Debug|x64
		{FCD1827D-D34D-4306-A46D-2060BCA1A7EB}.Debug|x64.Build.0 = Debug|x64
		{FCD1827D-D34D-4306-A46D-2060BCA1A7EB}.Debug|x86.ActiveCfg = Debug|Win32
		{FCD1827D-D34D-4306-A46D-2060BCA1A7EB}.Debug|x86.Build.0 = Debug|Win32
		{FCD1827D-D34D-4306-A46D-2060BCA1A7EB}.Release|x64.ActiveCfg = Release|x64
		{FCD1827D-D34D-4306-A46D-2060BCA1A7EB}.Release|x64.Build.0 = Release|x64
		{FCD1827D-D34D-4306-A46D-2060BCA1A7EB}.Release|x86.ActiveCfg = Release|Win32
		{FCD1827D-D34D-4306-A46D-2060BCA1A7EB}.Release|x86.Build.0 = Release|Win32
	EndGlobalSection
	GlobalSection(SolutionProperties) = preSolution
		HideSolutionNode = FALSE
	EndGlobalSection
	GlobalSection(ExtensibilityGlobals) = postSolution
		SolutionGuid = {16239E36-455F-46C8-9BBA-3A99701944E5}
	EndGlobalSection
EndGlobal
