
Microsoft Visual Studio Solution File, Format Version 12.00
# Visual Studio Version 17
VisualStudioVersion = 17.14.36518.9 d17.14
MinimumVisualStudioVersion = 10.0.40219.1
Project("{FAE04EC0-301F-11D3-BF4B-00C04F79EFBC}") = "29 - Structures", "29 - Structures.csproj", "{53A26051-FC92-496B-ABEC-8B03A45E15C0}"
EndProject
Global
	GlobalSection(SolutionConfigurationPlatforms) = preSolution
		Debug|Any CPU = Debug|Any CPU
		Release|Any CPU = Release|Any CPU
	EndGlobalSection
	GlobalSection(ProjectConfigurationPlatforms) = postSolution
		{53A26051-FC92-496B-ABEC-8B03A45E15C0}.Debug|Any CPU.ActiveCfg = Debug|Any CPU
		{53A26051-FC92-496B-ABEC-8B03A45E15C0}.Debug|Any CPU.Build.0 = Debug|Any CPU
		{53A26051-FC92-496B-ABEC-8B03A45E15C0}.Release|Any CPU.ActiveCfg = Release|Any CPU
		{53A26051-FC92-496B-ABEC-8B03A45E15C0}.Release|Any CPU.Build.0 = Release|Any CPU
	EndGlobalSection
	GlobalSection(SolutionProperties) = preSolution
		HideSolutionNode = FALSE
	EndGlobalSection
	GlobalSection(ExtensibilityGlobals) = postSolution
		SolutionGuid = {C6A16191-6752-4156-A4CD-01C784C02561}
	EndGlobalSection
EndGlobal
