
Microsoft Visual Studio Solution File, Format Version 12.00
# Visual Studio Version 17
VisualStudioVersion = 17.14.36221.1 d17.14
MinimumVisualStudioVersion = 10.0.40219.1
Project("{8BC9CEB8-8B4A-11D0-8D11-00A0C91BC942}") = "#28 - Invert all letters case", "#28 - Invert all letters case.vcxproj", "{425D4EDB-56C8-48D3-BE24-5F9C9296F6E2}"
EndProject
Global
	GlobalSection(SolutionConfigurationPlatforms) = preSolution
		Debug|x64 = Debug|x64
		Debug|x86 = Debug|x86
		Release|x64 = Release|x64
		Release|x86 = Release|x86
	EndGlobalSection
	GlobalSection(ProjectConfigurationPlatforms) = postSolution
		{425D4EDB-56C8-48D3-BE24-5F9C9296F6E2}.Debug|x64.ActiveCfg = Debug|x64
		{425D4EDB-56C8-48D3-BE24-5F9C9296F6E2}.Debug|x64.Build.0 = Debug|x64
		{425D4EDB-56C8-48D3-BE24-5F9C9296F6E2}.Debug|x86.ActiveCfg = Debug|Win32
		{425D4EDB-56C8-48D3-BE24-5F9C9296F6E2}.Debug|x86.Build.0 = Debug|Win32
		{425D4EDB-56C8-48D3-BE24-5F9C9296F6E2}.Release|x64.ActiveCfg = Release|x64
		{425D4EDB-56C8-48D3-BE24-5F9C9296F6E2}.Release|x64.Build.0 = Release|x64
		{425D4EDB-56C8-48D3-BE24-5F9C9296F6E2}.Release|x86.ActiveCfg = Release|Win32
		{425D4EDB-56C8-48D3-BE24-5F9C9296F6E2}.Release|x86.Build.0 = Release|Win32
	EndGlobalSection
	GlobalSection(SolutionProperties) = preSolution
		HideSolutionNode = FALSE
	EndGlobalSection
	GlobalSection(ExtensibilityGlobals) = postSolution
		SolutionGuid = {0B837110-404D-4BE2-B160-431F8906ACF8}
	EndGlobalSection
EndGlobal
