
Microsoft Visual Studio Solution File, Format Version 12.00
# Visual Studio Version 17
VisualStudioVersion = 17.14.36221.1 d17.14
MinimumVisualStudioVersion = 10.0.40219.1
Project("{8BC9CEB8-8B4A-11D0-8D11-00A0C91BC942}") = "# 50 - String Object  (Common Methods)", "# 50 - String Object  (Common Methods).vcxproj", "{BD77F5FF-FD91-474D-8562-B71B764FE8B4}"
EndProject
Global
	GlobalSection(SolutionConfigurationPlatforms) = preSolution
		Debug|x64 = Debug|x64
		Debug|x86 = Debug|x86
		Release|x64 = Release|x64
		Release|x86 = Release|x86
	EndGlobalSection
	GlobalSection(ProjectConfigurationPlatforms) = postSolution
		{BD77F5FF-FD91-474D-8562-B71B764FE8B4}.Debug|x64.ActiveCfg = Debug|x64
		{BD77F5FF-FD91-474D-8562-B71B764FE8B4}.Debug|x64.Build.0 = Debug|x64
		{BD77F5FF-FD91-474D-8562-B71B764FE8B4}.Debug|x86.ActiveCfg = Debug|Win32
		{BD77F5FF-FD91-474D-8562-B71B764FE8B4}.Debug|x86.Build.0 = Debug|Win32
		{BD77F5FF-FD91-474D-8562-B71B764FE8B4}.Release|x64.ActiveCfg = Release|x64
		{BD77F5FF-FD91-474D-8562-B71B764FE8B4}.Release|x64.Build.0 = Release|x64
		{BD77F5FF-FD91-474D-8562-B71B764FE8B4}.Release|x86.ActiveCfg = Release|Win32
		{BD77F5FF-FD91-474D-8562-B71B764FE8B4}.Release|x86.Build.0 = Release|Win32
	EndGlobalSection
	GlobalSection(SolutionProperties) = preSolution
		HideSolutionNode = FALSE
	EndGlobalSection
	GlobalSection(ExtensibilityGlobals) = postSolution
		SolutionGuid = {22C9854E-266D-44AD-81F1-5FE83696C028}
	EndGlobalSection
EndGlobal
