
Microsoft Visual Studio Solution File, Format Version 12.00
# Visual Studio Version 17
VisualStudioVersion = 17.14.36518.9 d17.14
MinimumVisualStudioVersion = 10.0.40219.1
Project("{FAE04EC0-301F-11D3-BF4B-00C04F79EFBC}") = "33 - Associative Entity to Relational Schema", "33 - Associative Entity to Relational Schema.csproj", "{2B55A253-7422-4915-87F6-37F58253AF45}"
EndProject
Global
	GlobalSection(SolutionConfigurationPlatforms) = preSolution
		Debug|Any CPU = Debug|Any CPU
		Release|Any CPU = Release|Any CPU
	EndGlobalSection
	GlobalSection(ProjectConfigurationPlatforms) = postSolution
		{2B55A253-7422-4915-87F6-37F58253AF45}.Debug|Any CPU.ActiveCfg = Debug|Any CPU
		{2B55A253-7422-4915-87F6-37F58253AF45}.Debug|Any CPU.Build.0 = Debug|Any CPU
		{2B55A253-7422-4915-87F6-37F58253AF45}.Release|Any CPU.ActiveCfg = Release|Any CPU
		{2B55A253-7422-4915-87F6-37F58253AF45}.Release|Any CPU.Build.0 = Release|Any CPU
	EndGlobalSection
	GlobalSection(SolutionProperties) = preSolution
		HideSolutionNode = FALSE
	EndGlobalSection
	GlobalSection(ExtensibilityGlobals) = postSolution
		SolutionGuid = {5D285E39-2238-4AF9-982A-30E215C11092}
	EndGlobalSection
EndGlobal
