
Microsoft Visual Studio Solution File, Format Version 12.00
# Visual Studio Version 17
VisualStudioVersion = 17.14.36518.9 d17.14
MinimumVisualStudioVersion = 10.0.40219.1
Project("{FAE04EC0-301F-11D3-BF4B-00C04F79EFBC}") = "10 - What is ERD and Why", "10 - What is ERD and Why.csproj", "{5F1A6586-5249-4E17-8681-7EF5743A32DB}"
EndProject
Global
	GlobalSection(SolutionConfigurationPlatforms) = preSolution
		Debug|Any CPU = Debug|Any CPU
		Release|Any CPU = Release|Any CPU
	EndGlobalSection
	GlobalSection(ProjectConfigurationPlatforms) = postSolution
		{5F1A6586-5249-4E17-8681-7EF5743A32DB}.Debug|Any CPU.ActiveCfg = Debug|Any CPU
		{5F1A6586-5249-4E17-8681-7EF5743A32DB}.Debug|Any CPU.Build.0 = Debug|Any CPU
		{5F1A6586-5249-4E17-8681-7EF5743A32DB}.Release|Any CPU.ActiveCfg = Release|Any CPU
		{5F1A6586-5249-4E17-8681-7EF5743A32DB}.Release|Any CPU.Build.0 = Release|Any CPU
	EndGlobalSection
	GlobalSection(SolutionProperties) = preSolution
		HideSolutionNode = FALSE
	EndGlobalSection
	GlobalSection(ExtensibilityGlobals) = postSolution
		SolutionGuid = {55C29AF1-31C9-4A01-A49A-141EFF12B183}
	EndGlobalSection
EndGlobal
