
Microsoft Visual Studio Solution File, Format Version 12.00
# Visual Studio Version 17
VisualStudioVersion = 17.14.36518.9 d17.14
MinimumVisualStudioVersion = 10.0.40219.1
Project("{FAE04EC0-301F-11D3-BF4B-00C04F79EFBC}") = "31- What is DataAdapter", "31- What is DataAdapter.csproj", "{E1B814BB-140B-4523-A87A-CF21756A9B32}"
EndProject
Global
	GlobalSection(SolutionConfigurationPlatforms) = preSolution
		Debug|Any CPU = Debug|Any CPU
		Release|Any CPU = Release|Any CPU
	EndGlobalSection
	GlobalSection(ProjectConfigurationPlatforms) = postSolution
		{E1B814BB-140B-4523-A87A-CF21756A9B32}.Debug|Any CPU.ActiveCfg = Debug|Any CPU
		{E1B814BB-140B-4523-A87A-CF21756A9B32}.Debug|Any CPU.Build.0 = Debug|Any CPU
		{E1B814BB-140B-4523-A87A-CF21756A9B32}.Release|Any CPU.ActiveCfg = Release|Any CPU
		{E1B814BB-140B-4523-A87A-CF21756A9B32}.Release|Any CPU.Build.0 = Release|Any CPU
	EndGlobalSection
	GlobalSection(SolutionProperties) = preSolution
		HideSolutionNode = FALSE
	EndGlobalSection
	GlobalSection(ExtensibilityGlobals) = postSolution
		SolutionGuid = {BE3DA64D-F7B6-4C1A-B270-0B67A2646215}
	EndGlobalSection
EndGlobal
