
Microsoft Visual Studio Solution File, Format Version 12.00
# Visual Studio Version 17
VisualStudioVersion = 17.14.36518.9 d17.14
MinimumVisualStudioVersion = 10.0.40219.1
Project("{FAE04EC0-301F-11D3-BF4B-00C04F79EFBC}") = "32 - Generalization and Specialization to Relational Schema", "32 - Generalization and Specialization to Relational Schema.csproj", "{DD6959EE-4DA5-44BE-A9C9-D779E5CD1695}"
EndProject
Global
	GlobalSection(SolutionConfigurationPlatforms) = preSolution
		Debug|Any CPU = Debug|Any CPU
		Release|Any CPU = Release|Any CPU
	EndGlobalSection
	GlobalSection(ProjectConfigurationPlatforms) = postSolution
		{DD6959EE-4DA5-44BE-A9C9-D779E5CD1695}.Debug|Any CPU.ActiveCfg = Debug|Any CPU
		{DD6959EE-4DA5-44BE-A9C9-D779E5CD1695}.Debug|Any CPU.Build.0 = Debug|Any CPU
		{DD6959EE-4DA5-44BE-A9C9-D779E5CD1695}.Release|Any CPU.ActiveCfg = Release|Any CPU
		{DD6959EE-4DA5-44BE-A9C9-D779E5CD1695}.Release|Any CPU.Build.0 = Release|Any CPU
	EndGlobalSection
	GlobalSection(SolutionProperties) = preSolution
		HideSolutionNode = FALSE
	EndGlobalSection
	GlobalSection(ExtensibilityGlobals) = postSolution
		SolutionGuid = {3449F9D6-BB6D-4E77-AD1E-BC3DBAB1DD31}
	EndGlobalSection
EndGlobal
