
Microsoft Visual Studio Solution File, Format Version 12.00
# Visual Studio Version 17
VisualStudioVersion = 17.14.36221.1 d17.14
MinimumVisualStudioVersion = 10.0.40219.1
Project("{8BC9CEB8-8B4A-11D0-8D11-00A0C91BC942}") = "#04 - sum each column in a matrix", "#04 - sum each column in a matrix.vcxproj", "{C64F98E7-5CE0-4430-B14F-BD273065F7F9}"
EndProject
Global
	GlobalSection(SolutionConfigurationPlatforms) = preSolution
		Debug|x64 = Debug|x64
		Debug|x86 = Debug|x86
		Release|x64 = Release|x64
		Release|x86 = Release|x86
	EndGlobalSection
	GlobalSection(ProjectConfigurationPlatforms) = postSolution
		{C64F98E7-5CE0-4430-B14F-BD273065F7F9}.Debug|x64.ActiveCfg = Debug|x64
		{C64F98E7-5CE0-4430-B14F-BD273065F7F9}.Debug|x64.Build.0 = Debug|x64
		{C64F98E7-5CE0-4430-B14F-BD273065F7F9}.Debug|x86.ActiveCfg = Debug|Win32
		{C64F98E7-5CE0-4430-B14F-BD273065F7F9}.Debug|x86.Build.0 = Debug|Win32
		{C64F98E7-5CE0-4430-B14F-BD273065F7F9}.Release|x64.ActiveCfg = Release|x64
		{C64F98E7-5CE0-4430-B14F-BD273065F7F9}.Release|x64.Build.0 = Release|x64
		{C64F98E7-5CE0-4430-B14F-BD273065F7F9}.Release|x86.ActiveCfg = Release|Win32
		{C64F98E7-5CE0-4430-B14F-BD273065F7F9}.Release|x86.Build.0 = Release|Win32
	EndGlobalSection
	GlobalSection(SolutionProperties) = preSolution
		HideSolutionNode = FALSE
	EndGlobalSection
	GlobalSection(ExtensibilityGlobals) = postSolution
		SolutionGuid = {434B4635-7B3C-4867-8900-DAF1D2CF3211}
	EndGlobalSection
EndGlobal
