
Microsoft Visual Studio Solution File, Format Version 12.00
# Visual Studio Version 17
VisualStudioVersion = 17.14.36518.9 d17.14
MinimumVisualStudioVersion = 10.0.40219.1
Project("{FAE04EC0-301F-11D3-BF4B-00C04F79EFBC}") = "77 - FileSaveDialog", "77 - FileSaveDialog.csproj", "{A942B268-643F-4C55-A5DF-3ADBCC4938CC}"
EndProject
Global
	GlobalSection(SolutionConfigurationPlatforms) = preSolution
		Debug|Any CPU = Debug|Any CPU
		Release|Any CPU = Release|Any CPU
	EndGlobalSection
	GlobalSection(ProjectConfigurationPlatforms) = postSolution
		{A942B268-643F-4C55-A5DF-3ADBCC4938CC}.Debug|Any CPU.ActiveCfg = Debug|Any CPU
		{A942B268-643F-4C55-A5DF-3ADBCC4938CC}.Debug|Any CPU.Build.0 = Debug|Any CPU
		{A942B268-643F-4C55-A5DF-3ADBCC4938CC}.Release|Any CPU.ActiveCfg = Release|Any CPU
		{A942B268-643F-4C55-A5DF-3ADBCC4938CC}.Release|Any CPU.Build.0 = Release|Any CPU
	EndGlobalSection
	GlobalSection(SolutionProperties) = preSolution
		HideSolutionNode = FALSE
	EndGlobalSection
	GlobalSection(ExtensibilityGlobals) = postSolution
		SolutionGuid = {83C62C35-9C10-4AC6-BC18-9A313ECE7FEA}
	EndGlobalSection
EndGlobal
