
Microsoft Visual Studio Solution File, Format Version 12.00
# Visual Studio Version 17
VisualStudioVersion = 17.14.36518.9 d17.14
MinimumVisualStudioVersion = 10.0.40219.1
Project("{FAE04EC0-301F-11D3-BF4B-00C04F79EFBC}") = "25 - Types Of Inheritance", "25 - Types Of Inheritance.csproj", "{08B3E6F9-64E5-49A9-AED9-43C14CA3FEE9}"
EndProject
Global
	GlobalSection(SolutionConfigurationPlatforms) = preSolution
		Debug|Any CPU = Debug|Any CPU
		Release|Any CPU = Release|Any CPU
	EndGlobalSection
	GlobalSection(ProjectConfigurationPlatforms) = postSolution
		{08B3E6F9-64E5-49A9-AED9-43C14CA3FEE9}.Debug|Any CPU.ActiveCfg = Debug|Any CPU
		{08B3E6F9-64E5-49A9-AED9-43C14CA3FEE9}.Debug|Any CPU.Build.0 = Debug|Any CPU
		{08B3E6F9-64E5-49A9-AED9-43C14CA3FEE9}.Release|Any CPU.ActiveCfg = Release|Any CPU
		{08B3E6F9-64E5-49A9-AED9-43C14CA3FEE9}.Release|Any CPU.Build.0 = Release|Any CPU
	EndGlobalSection
	GlobalSection(SolutionProperties) = preSolution
		HideSolutionNode = FALSE
	EndGlobalSection
	GlobalSection(ExtensibilityGlobals) = postSolution
		SolutionGuid = {DC7C29D2-444A-4972-99C9-658AE64FB280}
	EndGlobalSection
EndGlobal
