
Microsoft Visual Studio Solution File, Format Version 12.00
# Visual Studio Version 17
VisualStudioVersion = 17.14.36518.9 d17.14
MinimumVisualStudioVersion = 10.0.40219.1
Project("{FAE04EC0-301F-11D3-BF4B-00C04F79EFBC}") = "3- Parameterized Query With Like", "3- Parameterized Query With Like.csproj", "{AF884705-330A-44A4-A4B5-1C36D0D924B7}"
EndProject
Global
	GlobalSection(SolutionConfigurationPlatforms) = preSolution
		Debug|Any CPU = Debug|Any CPU
		Release|Any CPU = Release|Any CPU
	EndGlobalSection
	GlobalSection(ProjectConfigurationPlatforms) = postSolution
		{AF884705-330A-44A4-A4B5-1C36D0D924B7}.Debug|Any CPU.ActiveCfg = Debug|Any CPU
		{AF884705-330A-44A4-A4B5-1C36D0D924B7}.Debug|Any CPU.Build.0 = Debug|Any CPU
		{AF884705-330A-44A4-A4B5-1C36D0D924B7}.Release|Any CPU.ActiveCfg = Release|Any CPU
		{AF884705-330A-44A4-A4B5-1C36D0D924B7}.Release|Any CPU.Build.0 = Release|Any CPU
	EndGlobalSection
	GlobalSection(SolutionProperties) = preSolution
		HideSolutionNode = FALSE
	EndGlobalSection
	GlobalSection(ExtensibilityGlobals) = postSolution
		SolutionGuid = {54B60E21-0882-420E-90B8-AEC1A185A73C}
	EndGlobalSection
EndGlobal
