
Microsoft Visual Studio Solution File, Format Version 12.00
# Visual Studio Version 17
VisualStudioVersion = 17.14.36518.9 d17.14
MinimumVisualStudioVersion = 10.0.40219.1
Project("{FAE04EC0-301F-11D3-BF4B-00C04F79EFBC}") = "MyClassLibraryProject", "MyClassLibraryProject.csproj", "{1B50F941-2A8E-415C-9F12-79AB68E929FD}"
EndProject
Project("{FAE04EC0-301F-11D3-BF4B-00C04F79EFBC}") = "MyFirstClassLibrary", "..\MyFirstClassLibrary\MyFirstClassLibrary.csproj", "{5860E295-1A30-4DCE-B007-A93527EBB43D}"
EndProject
Global
	GlobalSection(SolutionConfigurationPlatforms) = preSolution
		Debug|Any CPU = Debug|Any CPU
		Release|Any CPU = Release|Any CPU
	EndGlobalSection
	GlobalSection(ProjectConfigurationPlatforms) = postSolution
		{1B50F941-2A8E-415C-9F12-79AB68E929FD}.Debug|Any CPU.ActiveCfg = Debug|Any CPU
		{1B50F941-2A8E-415C-9F12-79AB68E929FD}.Debug|Any CPU.Build.0 = Debug|Any CPU
		{1B50F941-2A8E-415C-9F12-79AB68E929FD}.Release|Any CPU.ActiveCfg = Release|Any CPU
		{1B50F941-2A8E-415C-9F12-79AB68E929FD}.Release|Any CPU.Build.0 = Release|Any CPU
		{5860E295-1A30-4DCE-B007-A93527EBB43D}.Debug|Any CPU.ActiveCfg = Debug|Any CPU
		{5860E295-1A30-4DCE-B007-A93527EBB43D}.Debug|Any CPU.Build.0 = Debug|Any CPU
		{5860E295-1A30-4DCE-B007-A93527EBB43D}.Release|Any CPU.ActiveCfg = Release|Any CPU
		{5860E295-1A30-4DCE-B007-A93527EBB43D}.Release|Any CPU.Build.0 = Release|Any CPU
	EndGlobalSection
	GlobalSection(SolutionProperties) = preSolution
		HideSolutionNode = FALSE
	EndGlobalSection
	GlobalSection(ExtensibilityGlobals) = postSolution
		SolutionGuid = {D42D4513-72A3-4BC9-8EEA-E41941ECE470}
	EndGlobalSection
EndGlobal
