
Microsoft Visual Studio Solution File, Format Version 12.00
# Visual Studio Version 17
VisualStudioVersion = 17.14.36518.9 d17.14
MinimumVisualStudioVersion = 10.0.40219.1
Project("{FAE04EC0-301F-11D3-BF4B-00C04F79EFBC}") = "11 - ERD Symbols", "11 - ERD Symbols.csproj", "{B5D26568-A5A1-4F59-91FA-D20C6A06D33C}"
EndProject
Global
	GlobalSection(SolutionConfigurationPlatforms) = preSolution
		Debug|Any CPU = Debug|Any CPU
		Release|Any CPU = Release|Any CPU
	EndGlobalSection
	GlobalSection(ProjectConfigurationPlatforms) = postSolution
		{B5D26568-A5A1-4F59-91FA-D20C6A06D33C}.Debug|Any CPU.ActiveCfg = Debug|Any CPU
		{B5D26568-A5A1-4F59-91FA-D20C6A06D33C}.Debug|Any CPU.Build.0 = Debug|Any CPU
		{B5D26568-A5A1-4F59-91FA-D20C6A06D33C}.Release|Any CPU.ActiveCfg = Release|Any CPU
		{B5D26568-A5A1-4F59-91FA-D20C6A06D33C}.Release|Any CPU.Build.0 = Release|Any CPU
	EndGlobalSection
	GlobalSection(SolutionProperties) = preSolution
		HideSolutionNode = FALSE
	EndGlobalSection
	GlobalSection(ExtensibilityGlobals) = postSolution
		SolutionGuid = {4A012340-EBE2-474D-89E1-695FC97F01F7}
	EndGlobalSection
EndGlobal
