
Microsoft Visual Studio Solution File, Format Version 12.00
# Visual Studio Version 17
VisualStudioVersion = 17.14.36518.9 d17.14
MinimumVisualStudioVersion = 10.0.40219.1
Project("{FAE04EC0-301F-11D3-BF4B-00C04F79EFBC}") = "3 - What is NULL", "3 - What is NULL.csproj", "{4FAF2B8F-01E7-4210-A2DE-E4B4C0D908EB}"
EndProject
Global
	GlobalSection(SolutionConfigurationPlatforms) = preSolution
		Debug|Any CPU = Debug|Any CPU
		Release|Any CPU = Release|Any CPU
	EndGlobalSection
	GlobalSection(ProjectConfigurationPlatforms) = postSolution
		{4FAF2B8F-01E7-4210-A2DE-E4B4C0D908EB}.Debug|Any CPU.ActiveCfg = Debug|Any CPU
		{4FAF2B8F-01E7-4210-A2DE-E4B4C0D908EB}.Debug|Any CPU.Build.0 = Debug|Any CPU
		{4FAF2B8F-01E7-4210-A2DE-E4B4C0D908EB}.Release|Any CPU.ActiveCfg = Release|Any CPU
		{4FAF2B8F-01E7-4210-A2DE-E4B4C0D908EB}.Release|Any CPU.Build.0 = Release|Any CPU
	EndGlobalSection
	GlobalSection(SolutionProperties) = preSolution
		HideSolutionNode = FALSE
	EndGlobalSection
	GlobalSection(ExtensibilityGlobals) = postSolution
		SolutionGuid = {E44EF1C0-A380-4788-8BD7-366A43A1E67D}
	EndGlobalSection
EndGlobal
