
Microsoft Visual Studio Solution File, Format Version 12.00
# Visual Studio Version 17
VisualStudioVersion = 17.14.36518.9 d17.14
MinimumVisualStudioVersion = 10.0.40219.1
Project("{FAE04EC0-301F-11D3-BF4B-00C04F79EFBC}") = "3- User Controls Expose Property", "3- User Controls Expose Property.csproj", "{BB3D9071-C9A1-4662-AE14-2C641BD4BA74}"
EndProject
Global
	GlobalSection(SolutionConfigurationPlatforms) = preSolution
		Debug|Any CPU = Debug|Any CPU
		Release|Any CPU = Release|Any CPU
	EndGlobalSection
	GlobalSection(ProjectConfigurationPlatforms) = postSolution
		{BB3D9071-C9A1-4662-AE14-2C641BD4BA74}.Debug|Any CPU.ActiveCfg = Debug|Any CPU
		{BB3D9071-C9A1-4662-AE14-2C641BD4BA74}.Debug|Any CPU.Build.0 = Debug|Any CPU
		{BB3D9071-C9A1-4662-AE14-2C641BD4BA74}.Release|Any CPU.ActiveCfg = Release|Any CPU
		{BB3D9071-C9A1-4662-AE14-2C641BD4BA74}.Release|Any CPU.Build.0 = Release|Any CPU
	EndGlobalSection
	GlobalSection(SolutionProperties) = preSolution
		HideSolutionNode = FALSE
	EndGlobalSection
	GlobalSection(ExtensibilityGlobals) = postSolution
		SolutionGuid = {0CA6302E-5F79-4197-8D54-D78A10D9D21D}
	EndGlobalSection
EndGlobal
