
Microsoft Visual Studio Solution File, Format Version 12.00
# Visual Studio Version 17
VisualStudioVersion = 17.14.36408.4 d17.14
MinimumVisualStudioVersion = 10.0.40219.1
Project("{8BC9CEB8-8B4A-11D0-8D11-00A0C91BC942}") = "Project 3 - Bank Extension 01 - Lesson 28 - Add Date and Logged In User to All Screens", "Project 3 - Bank Extension 01 - Lesson 28 - Add Date and Logged In User to All Screens.vcxproj", "{B9D8C682-53F6-43D2-8898-C7A57528E9FE}"
EndProject
Global
	GlobalSection(SolutionConfigurationPlatforms) = preSolution
		Debug|x64 = Debug|x64
		Debug|x86 = Debug|x86
		Release|x64 = Release|x64
		Release|x86 = Release|x86
	EndGlobalSection
	GlobalSection(ProjectConfigurationPlatforms) = postSolution
		{B9D8C682-53F6-43D2-8898-C7A57528E9FE}.Debug|x64.ActiveCfg = Debug|x64
		{B9D8C682-53F6-43D2-8898-C7A57528E9FE}.Debug|x64.Build.0 = Debug|x64
		{B9D8C682-53F6-43D2-8898-C7A57528E9FE}.Debug|x86.ActiveCfg = Debug|Win32
		{B9D8C682-53F6-43D2-8898-C7A57528E9FE}.Debug|x86.Build.0 = Debug|Win32
		{B9D8C682-53F6-43D2-8898-C7A57528E9FE}.Release|x64.ActiveCfg = Release|x64
		{B9D8C682-53F6-43D2-8898-C7A57528E9FE}.Release|x64.Build.0 = Release|x64
		{B9D8C682-53F6-43D2-8898-C7A57528E9FE}.Release|x86.ActiveCfg = Release|Win32
		{B9D8C682-53F6-43D2-8898-C7A57528E9FE}.Release|x86.Build.0 = Release|Win32
	EndGlobalSection
	GlobalSection(SolutionProperties) = preSolution
		HideSolutionNode = FALSE
	EndGlobalSection
	GlobalSection(ExtensibilityGlobals) = postSolution
		SolutionGuid = {1E6E05FA-5E46-4E82-BC34-C3339B433488}
	EndGlobalSection
EndGlobal
