
Microsoft Visual Studio Solution File, Format Version 12.00
# Visual Studio Version 17
VisualStudioVersion = 17.14.36518.9 d17.14
MinimumVisualStudioVersion = 10.0.40219.1
Project("{FAE04EC0-301F-11D3-BF4B-00C04F79EFBC}") = "16 - What is C# and Why to Learn It", "16 - What is C# and Why to Learn It.csproj", "{6B8C40E5-EF97-4870-A244-D544A51A62B6}"
EndProject
Global
	GlobalSection(SolutionConfigurationPlatforms) = preSolution
		Debug|Any CPU = Debug|Any CPU
		Release|Any CPU = Release|Any CPU
	EndGlobalSection
	GlobalSection(ProjectConfigurationPlatforms) = postSolution
		{6B8C40E5-EF97-4870-A244-D544A51A62B6}.Debug|Any CPU.ActiveCfg = Debug|Any CPU
		{6B8C40E5-EF97-4870-A244-D544A51A62B6}.Debug|Any CPU.Build.0 = Debug|Any CPU
		{6B8C40E5-EF97-4870-A244-D544A51A62B6}.Release|Any CPU.ActiveCfg = Release|Any CPU
		{6B8C40E5-EF97-4870-A244-D544A51A62B6}.Release|Any CPU.Build.0 = Release|Any CPU
	EndGlobalSection
	GlobalSection(SolutionProperties) = preSolution
		HideSolutionNode = FALSE
	EndGlobalSection
	GlobalSection(ExtensibilityGlobals) = postSolution
		SolutionGuid = {7FE9DC6C-91DF-477A-AFFC-3D626B2D1DEE}
	EndGlobalSection
EndGlobal
