
Microsoft Visual Studio Solution File, Format Version 12.00
# Visual Studio Version 17
VisualStudioVersion = 17.14.36518.9 d17.14
MinimumVisualStudioVersion = 10.0.40219.1
Project("{FAE04EC0-301F-11D3-BF4B-00C04F79EFBC}") = "37 - Fourth Concept in OOP - Polymorphism", "37 - Fourth Concept in OOP - Polymorphism.csproj", "{1154CE3E-4F0D-4FC5-9504-D1971D8DEFED}"
EndProject
Global
	GlobalSection(SolutionConfigurationPlatforms) = preSolution
		Debug|Any CPU = Debug|Any CPU
		Release|Any CPU = Release|Any CPU
	EndGlobalSection
	GlobalSection(ProjectConfigurationPlatforms) = postSolution
		{1154CE3E-4F0D-4FC5-9504-D1971D8DEFED}.Debug|Any CPU.ActiveCfg = Debug|Any CPU
		{1154CE3E-4F0D-4FC5-9504-D1971D8DEFED}.Debug|Any CPU.Build.0 = Debug|Any CPU
		{1154CE3E-4F0D-4FC5-9504-D1971D8DEFED}.Release|Any CPU.ActiveCfg = Release|Any CPU
		{1154CE3E-4F0D-4FC5-9504-D1971D8DEFED}.Release|Any CPU.Build.0 = Release|Any CPU
	EndGlobalSection
	GlobalSection(SolutionProperties) = preSolution
		HideSolutionNode = FALSE
	EndGlobalSection
	GlobalSection(ExtensibilityGlobals) = postSolution
		SolutionGuid = {18295C1A-CA14-4BF9-82B6-3C44050BE20F}
	EndGlobalSection
EndGlobal
