
Microsoft Visual Studio Solution File, Format Version 12.00
# Visual Studio Version 17
VisualStudioVersion = 17.14.36518.9 d17.14
MinimumVisualStudioVersion = 10.0.40219.1
Project("{FAE04EC0-301F-11D3-BF4B-00C04F79EFBC}") = "15 - .NET Framework Class Library (FCL)", "15 - .NET Framework Class Library (FCL).csproj", "{46999729-4C5E-4461-ABB2-5999ADFA165B}"
EndProject
Global
	GlobalSection(SolutionConfigurationPlatforms) = preSolution
		Debug|Any CPU = Debug|Any CPU
		Release|Any CPU = Release|Any CPU
	EndGlobalSection
	GlobalSection(ProjectConfigurationPlatforms) = postSolution
		{46999729-4C5E-4461-ABB2-5999ADFA165B}.Debug|Any CPU.ActiveCfg = Debug|Any CPU
		{46999729-4C5E-4461-ABB2-5999ADFA165B}.Debug|Any CPU.Build.0 = Debug|Any CPU
		{46999729-4C5E-4461-ABB2-5999ADFA165B}.Release|Any CPU.ActiveCfg = Release|Any CPU
		{46999729-4C5E-4461-ABB2-5999ADFA165B}.Release|Any CPU.Build.0 = Release|Any CPU
	EndGlobalSection
	GlobalSection(SolutionProperties) = preSolution
		HideSolutionNode = FALSE
	EndGlobalSection
	GlobalSection(ExtensibilityGlobals) = postSolution
		SolutionGuid = {E8AB24B8-6186-4282-8AFB-4887E2137A42}
	EndGlobalSection
EndGlobal
