
Microsoft Visual Studio Solution File, Format Version 12.00
# Visual Studio Version 17
VisualStudioVersion = 17.14.36518.9 d17.14
MinimumVisualStudioVersion = 10.0.40219.1
Project("{FAE04EC0-301F-11D3-BF4B-00C04F79EFBC}") = "10 - CLR Component - Just In Time Compilation (JIT)", "10 - CLR Component - Just In Time Compilation (JIT).csproj", "{2A5540CA-6FF2-453D-9506-6614D071FB23}"
EndProject
Global
	GlobalSection(SolutionConfigurationPlatforms) = preSolution
		Debug|Any CPU = Debug|Any CPU
		Release|Any CPU = Release|Any CPU
	EndGlobalSection
	GlobalSection(ProjectConfigurationPlatforms) = postSolution
		{2A5540CA-6FF2-453D-9506-6614D071FB23}.Debug|Any CPU.ActiveCfg = Debug|Any CPU
		{2A5540CA-6FF2-453D-9506-6614D071FB23}.Debug|Any CPU.Build.0 = Debug|Any CPU
		{2A5540CA-6FF2-453D-9506-6614D071FB23}.Release|Any CPU.ActiveCfg = Release|Any CPU
		{2A5540CA-6FF2-453D-9506-6614D071FB23}.Release|Any CPU.Build.0 = Release|Any CPU
	EndGlobalSection
	GlobalSection(SolutionProperties) = preSolution
		HideSolutionNode = FALSE
	EndGlobalSection
	GlobalSection(ExtensibilityGlobals) = postSolution
		SolutionGuid = {81CCE78A-9DC3-4ECA-A990-324024563BB3}
	EndGlobalSection
EndGlobal
