
Microsoft Visual Studio Solution File, Format Version 12.00
# Visual Studio Version 17
VisualStudioVersion = 17.14.36518.9 d17.14
MinimumVisualStudioVersion = 10.0.40219.1
Project("{FAE04EC0-301F-11D3-BF4B-00C04F79EFBC}") = "61 - LinkLable", "61 - LinkLable.csproj", "{04474CA0-4309-4BD6-912D-2DBFEC9B31A5}"
EndProject
Global
	GlobalSection(SolutionConfigurationPlatforms) = preSolution
		Debug|Any CPU = Debug|Any CPU
		Release|Any CPU = Release|Any CPU
	EndGlobalSection
	GlobalSection(ProjectConfigurationPlatforms) = postSolution
		{04474CA0-4309-4BD6-912D-2DBFEC9B31A5}.Debug|Any CPU.ActiveCfg = Debug|Any CPU
		{04474CA0-4309-4BD6-912D-2DBFEC9B31A5}.Debug|Any CPU.Build.0 = Debug|Any CPU
		{04474CA0-4309-4BD6-912D-2DBFEC9B31A5}.Release|Any CPU.ActiveCfg = Release|Any CPU
		{04474CA0-4309-4BD6-912D-2DBFEC9B31A5}.Release|Any CPU.Build.0 = Release|Any CPU
	EndGlobalSection
	GlobalSection(SolutionProperties) = preSolution
		HideSolutionNode = FALSE
	EndGlobalSection
	GlobalSection(ExtensibilityGlobals) = postSolution
		SolutionGuid = {269A6FF0-0122-4465-85C2-037F1E725ACC}
	EndGlobalSection
EndGlobal
