
Microsoft Visual Studio Solution File, Format Version 12.00
# Visual Studio Version 17
VisualStudioVersion = 17.14.36518.9 d17.14
MinimumVisualStudioVersion = 10.0.40219.1
Project("{FAE04EC0-301F-11D3-BF4B-00C04F79EFBC}") = "74 - GroupBox vs Panel", "74 - GroupBox vs Panel.csproj", "{548BE886-5F0C-4DE8-A7ED-9A687BBA4FAA}"
EndProject
Global
	GlobalSection(SolutionConfigurationPlatforms) = preSolution
		Debug|Any CPU = Debug|Any CPU
		Release|Any CPU = Release|Any CPU
	EndGlobalSection
	GlobalSection(ProjectConfigurationPlatforms) = postSolution
		{548BE886-5F0C-4DE8-A7ED-9A687BBA4FAA}.Debug|Any CPU.ActiveCfg = Debug|Any CPU
		{548BE886-5F0C-4DE8-A7ED-9A687BBA4FAA}.Debug|Any CPU.Build.0 = Debug|Any CPU
		{548BE886-5F0C-4DE8-A7ED-9A687BBA4FAA}.Release|Any CPU.ActiveCfg = Release|Any CPU
		{548BE886-5F0C-4DE8-A7ED-9A687BBA4FAA}.Release|Any CPU.Build.0 = Release|Any CPU
	EndGlobalSection
	GlobalSection(SolutionProperties) = preSolution
		HideSolutionNode = FALSE
	EndGlobalSection
	GlobalSection(ExtensibilityGlobals) = postSolution
		SolutionGuid = {E83982F6-3F13-466D-8AFC-EC41A7F2D57C}
	EndGlobalSection
EndGlobal
