
Microsoft Visual Studio Solution File, Format Version 12.00
# Visual Studio Version 17
VisualStudioVersion = 17.14.36203.30 d17.14
MinimumVisualStudioVersion = 10.0.40219.1
Project("{8BC9CEB8-8B4A-11D0-8D11-00A0C91BC942}") = "#32", "#32.vcxproj", "{4F7D316D-E9B5-4EE4-9F55-5426989AFA07}"
EndProject
Global
	GlobalSection(SolutionConfigurationPlatforms) = preSolution
		Debug|x64 = Debug|x64
		Debug|x86 = Debug|x86
		Release|x64 = Release|x64
		Release|x86 = Release|x86
	EndGlobalSection
	GlobalSection(ProjectConfigurationPlatforms) = postSolution
		{4F7D316D-E9B5-4EE4-9F55-5426989AFA07}.Debug|x64.ActiveCfg = Debug|x64
		{4F7D316D-E9B5-4EE4-9F55-5426989AFA07}.Debug|x64.Build.0 = Debug|x64
		{4F7D316D-E9B5-4EE4-9F55-5426989AFA07}.Debug|x86.ActiveCfg = Debug|Win32
		{4F7D316D-E9B5-4EE4-9F55-5426989AFA07}.Debug|x86.Build.0 = Debug|Win32
		{4F7D316D-E9B5-4EE4-9F55-5426989AFA07}.Release|x64.ActiveCfg = Release|x64
		{4F7D316D-E9B5-4EE4-9F55-5426989AFA07}.Release|x64.Build.0 = Release|x64
		{4F7D316D-E9B5-4EE4-9F55-5426989AFA07}.Release|x86.ActiveCfg = Release|Win32
		{4F7D316D-E9B5-4EE4-9F55-5426989AFA07}.Release|x86.Build.0 = Release|Win32
	EndGlobalSection
	GlobalSection(SolutionProperties) = preSolution
		HideSolutionNode = FALSE
	EndGlobalSection
	GlobalSection(ExtensibilityGlobals) = postSolution
		SolutionGuid = {B34628F4-0A59-44EE-B619-6CBC7867C678}
	EndGlobalSection
EndGlobal
